// !$*UTF8*$!
{
	archiveVersion = 1;
	classes = {
	};
	objectVersion = 56;
	objects = {

/* Begin PBXBuildFile section */
		5602C89C2997CDE4009E3966 /* backgroundMainView.jpg in Resources */ = {isa = PBXBuildFile; fileRef = 5602C89B2997CDE4009E3966 /* backgroundMainView.jpg */; };
		561B9BFA299BD8A100CCFD7B /* Raleway-VariableFont_wght.ttf in Resources */ = {isa = PBXBuildFile; fileRef = 561B9BF8299BD8A100CCFD7B /* Raleway-VariableFont_wght.ttf */; };
		561B9BFB299BD8A100CCFD7B /* Raleway-Italic-VariableFont_wght.ttf in Resources */ = {isa = PBXBuildFile; fileRef = 561B9BF9299BD8A100CCFD7B /* Raleway-Italic-VariableFont_wght.ttf */; };
		563580C0299E7D85009B9CDE /* Realm in Frameworks */ = {isa = PBXBuildFile; productRef = 563580BF299E7D85009B9CDE /* Realm */; };
		563580C2299E7D85009B9CDE /* RealmSwift in Frameworks */ = {isa = PBXBuildFile; productRef = 563580C1299E7D85009B9CDE /* RealmSwift */; };
		563580C5299E7DC2009B9CDE /* Item.swift in Sources */ = {isa = PBXBuildFile; fileRef = 563580C4299E7DC2009B9CDE /* Item.swift */; };
		563580C7299E7DE3009B9CDE /* Group.swift in Sources */ = {isa = PBXBuildFile; fileRef = 563580C6299E7DE3009B9CDE /* Group.swift */; };
		563580CA299F9966009B9CDE /* FirebaseAuth in Frameworks */ = {isa = PBXBuildFile; productRef = 563580C9299F9966009B9CDE /* FirebaseAuth */; };
		563580CC299F9966009B9CDE /* FirebaseFirestore in Frameworks */ = {isa = PBXBuildFile; productRef = 563580CB299F9966009B9CDE /* FirebaseFirestore */; };
		563580CE299F9B7D009B9CDE /* GoogleService-Info.plist in Resources */ = {isa = PBXBuildFile; fileRef = 563580CD299F9B7D009B9CDE /* GoogleService-Info.plist */; };
		563580D129A27FE7009B9CDE /* AuthService.swift in Sources */ = {isa = PBXBuildFile; fileRef = 563580D029A27FE7009B9CDE /* AuthService.swift */; };
		563CAB7B29A901B500DA858F /* MemorizeView.swift in Sources */ = {isa = PBXBuildFile; fileRef = 563CAB7A29A901B500DA858F /* MemorizeView.swift */; };
		563CAB7D29A901D300DA858F /* MemorizeModel.swift in Sources */ = {isa = PBXBuildFile; fileRef = 563CAB7C29A901D300DA858F /* MemorizeModel.swift */; };
		563CAB7F29A9063D00DA858F /* MemorizeCardView.swift in Sources */ = {isa = PBXBuildFile; fileRef = 563CAB7E29A9063D00DA858F /* MemorizeCardView.swift */; };
		5646386029AE816700FFD06E /* CharacterModule.swift in Sources */ = {isa = PBXBuildFile; fileRef = 5646385F29AE816700FFD06E /* CharacterModule.swift */; };
		5646386229AE88F600FFD06E /* VikingsDetailView.swift in Sources */ = {isa = PBXBuildFile; fileRef = 5646386129AE88F600FFD06E /* VikingsDetailView.swift */; };
		564F179729B00A1C003592DD /* ImagePicker.swift in Sources */ = {isa = PBXBuildFile; fileRef = 564F179629B00A1C003592DD /* ImagePicker.swift */; };
		564F179929B00D19003592DD /* VikingsAdding.swift in Sources */ = {isa = PBXBuildFile; fileRef = 564F179829B00D19003592DD /* VikingsAdding.swift */; };
		564F954029A687B700C90C4D /* MakeAWordsView.swift in Sources */ = {isa = PBXBuildFile; fileRef = 564F953F29A687B700C90C4D /* MakeAWordsView.swift */; };
		564F954229A687FB00C90C4D /* MakeAWordsGameView.swift in Sources */ = {isa = PBXBuildFile; fileRef = 564F954129A687FB00C90C4D /* MakeAWordsGameView.swift */; };
		564F954529A6884E00C90C4D /* WordsViewModule.swift in Sources */ = {isa = PBXBuildFile; fileRef = 564F954429A6884E00C90C4D /* WordsViewModule.swift */; };
		564F954829A6889D00C90C4D /* WordsPlayer.swift in Sources */ = {isa = PBXBuildFile; fileRef = 564F954729A6889D00C90C4D /* WordsPlayer.swift */; };
		564F954B29A688F500C90C4D /* BigWordTextField.swift in Sources */ = {isa = PBXBuildFile; fileRef = 564F954A29A688F500C90C4D /* BigWordTextField.swift */; };
		564F954D29A6891B00C90C4D /* TitleText.swift in Sources */ = {isa = PBXBuildFile; fileRef = 564F954C29A6891B00C90C4D /* TitleText.swift */; };
		564F954F29A6893C00C90C4D /* WordCell.swift in Sources */ = {isa = PBXBuildFile; fileRef = 564F954E29A6893C00C90C4D /* WordCell.swift */; };
		5659CAB2299386A300D31ADA /* UserAddingView.swift in Sources */ = {isa = PBXBuildFile; fileRef = 5659CAB1299386A300D31ADA /* UserAddingView.swift */; };
		566780C129AE6E5C0082745F /* VikingsView.swift in Sources */ = {isa = PBXBuildFile; fileRef = 566780C029AE6E5C0082745F /* VikingsView.swift */; };
		568C4C252991840F002E8925 /* InfoView.swift in Sources */ = {isa = PBXBuildFile; fileRef = 568C4C242991840F002E8925 /* InfoView.swift */; };
		568C4C27299185F4002E8925 /* backgroundInfoMenu.jpg in Resources */ = {isa = PBXBuildFile; fileRef = 568C4C26299185F4002E8925 /* backgroundInfoMenu.jpg */; };
		568C4C2929918E75002E8925 /* githubIcon.png in Resources */ = {isa = PBXBuildFile; fileRef = 568C4C2829918E75002E8925 /* githubIcon.png */; };
		568C4C2B2991904C002E8925 /* gitHub.jpeg in Resources */ = {isa = PBXBuildFile; fileRef = 568C4C2A2991904C002E8925 /* gitHub.jpeg */; };
		56963DA4299274B200238E54 /* MainView.swift in Sources */ = {isa = PBXBuildFile; fileRef = 56963DA3299274B200238E54 /* MainView.swift */; };
		56963DA6299275BA00238E54 /* backgroundMainMenu.jpg in Resources */ = {isa = PBXBuildFile; fileRef = 56963DA5299275BA00238E54 /* backgroundMainMenu.jpg */; };
		56963DAA29927C5B00238E54 /* vikings.jpg in Resources */ = {isa = PBXBuildFile; fileRef = 56963DA929927C5B00238E54 /* vikings.jpg */; };
		56963DAC29927D2700238E54 /* gameofwords.png in Resources */ = {isa = PBXBuildFile; fileRef = 56963DAB29927D2700238E54 /* gameofwords.png */; };
		56963DAE29927EFA00238E54 /* memorize.jpg in Resources */ = {isa = PBXBuildFile; fileRef = 56963DAD29927EFA00238E54 /* memorize.jpg */; };
		56E6C7E72993898B0002874E /* backgroundAdding.jpg in Resources */ = {isa = PBXBuildFile; fileRef = 56E6C7E62993898B0002874E /* backgroundAdding.jpg */; };
		56F9A00A29917E7600E80BBD /* xzuvyProject1111App.swift in Sources */ = {isa = PBXBuildFile; fileRef = 56F9A00929917E7600E80BBD /* xzuvyProject1111App.swift */; };
		56F9A00C29917E7600E80BBD /* StartView.swift in Sources */ = {isa = PBXBuildFile; fileRef = 56F9A00B29917E7600E80BBD /* StartView.swift */; };
		56F9A00E29917E7700E80BBD /* Assets.xcassets in Resources */ = {isa = PBXBuildFile; fileRef = 56F9A00D29917E7700E80BBD /* Assets.xcassets */; };
		56F9A01129917E7700E80BBD /* Preview Assets.xcassets in Resources */ = {isa = PBXBuildFile; fileRef = 56F9A01029917E7700E80BBD /* Preview Assets.xcassets */; };
		56F9A01A29917F8900E80BBD /* backgroundStartMenu.jpg in Resources */ = {isa = PBXBuildFile; fileRef = 56F9A01929917F8900E80BBD /* backgroundStartMenu.jpg */; };
/* End PBXBuildFile section */

/* Begin PBXFileReference section */
		5602C89B2997CDE4009E3966 /* backgroundMainView.jpg */ = {isa = PBXFileReference; lastKnownFileType = image.jpeg; path = backgroundMainView.jpg; sourceTree = "<group>"; };
		561B9BF8299BD8A100CCFD7B /* Raleway-VariableFont_wght.ttf */ = {isa = PBXFileReference; lastKnownFileType = file; path = "Raleway-VariableFont_wght.ttf"; sourceTree = "<group>"; };
		561B9BF9299BD8A100CCFD7B /* Raleway-Italic-VariableFont_wght.ttf */ = {isa = PBXFileReference; lastKnownFileType = file; path = "Raleway-Italic-VariableFont_wght.ttf"; sourceTree = "<group>"; };
		561B9BFC299BD91400CCFD7B /* Info.plist */ = {isa = PBXFileReference; lastKnownFileType = text.plist; path = Info.plist; sourceTree = "<group>"; };
		563580C4299E7DC2009B9CDE /* Item.swift */ = {isa = PBXFileReference; lastKnownFileType = sourcecode.swift; path = Item.swift; sourceTree = "<group>"; };
		563580C6299E7DE3009B9CDE /* Group.swift */ = {isa = PBXFileReference; lastKnownFileType = sourcecode.swift; path = Group.swift; sourceTree = "<group>"; };
		563580CD299F9B7D009B9CDE /* GoogleService-Info.plist */ = {isa = PBXFileReference; fileEncoding = 4; lastKnownFileType = text.plist.xml; path = "GoogleService-Info.plist"; sourceTree = "<group>"; };
		563580D029A27FE7009B9CDE /* AuthService.swift */ = {isa = PBXFileReference; lastKnownFileType = sourcecode.swift; path = AuthService.swift; sourceTree = "<group>"; };
		563CAB7A29A901B500DA858F /* MemorizeView.swift */ = {isa = PBXFileReference; lastKnownFileType = sourcecode.swift; path = MemorizeView.swift; sourceTree = "<group>"; };
		563CAB7C29A901D300DA858F /* MemorizeModel.swift */ = {isa = PBXFileReference; lastKnownFileType = sourcecode.swift; path = MemorizeModel.swift; sourceTree = "<group>"; };
		563CAB7E29A9063D00DA858F /* MemorizeCardView.swift */ = {isa = PBXFileReference; lastKnownFileType = sourcecode.swift; path = MemorizeCardView.swift; sourceTree = "<group>"; };
		5646385F29AE816700FFD06E /* CharacterModule.swift */ = {isa = PBXFileReference; lastKnownFileType = sourcecode.swift; path = CharacterModule.swift; sourceTree = "<group>"; };
		5646386129AE88F600FFD06E /* VikingsDetailView.swift */ = {isa = PBXFileReference; lastKnownFileType = sourcecode.swift; path = VikingsDetailView.swift; sourceTree = "<group>"; };
		564F179629B00A1C003592DD /* ImagePicker.swift */ = {isa = PBXFileReference; lastKnownFileType = sourcecode.swift; path = ImagePicker.swift; sourceTree = "<group>"; };
		564F179829B00D19003592DD /* VikingsAdding.swift */ = {isa = PBXFileReference; lastKnownFileType = sourcecode.swift; path = VikingsAdding.swift; sourceTree = "<group>"; };
		564F953F29A687B700C90C4D /* MakeAWordsView.swift */ = {isa = PBXFileReference; lastKnownFileType = sourcecode.swift; path = MakeAWordsView.swift; sourceTree = "<group>"; };
		564F954129A687FB00C90C4D /* MakeAWordsGameView.swift */ = {isa = PBXFileReference; lastKnownFileType = sourcecode.swift; path = MakeAWordsGameView.swift; sourceTree = "<group>"; };
		564F954429A6884E00C90C4D /* WordsViewModule.swift */ = {isa = PBXFileReference; lastKnownFileType = sourcecode.swift; path = WordsViewModule.swift; sourceTree = "<group>"; };
		564F954729A6889D00C90C4D /* WordsPlayer.swift */ = {isa = PBXFileReference; lastKnownFileType = sourcecode.swift; path = WordsPlayer.swift; sourceTree = "<group>"; };
		564F954A29A688F500C90C4D /* BigWordTextField.swift */ = {isa = PBXFileReference; lastKnownFileType = sourcecode.swift; path = BigWordTextField.swift; sourceTree = "<group>"; };
		564F954C29A6891B00C90C4D /* TitleText.swift */ = {isa = PBXFileReference; lastKnownFileType = sourcecode.swift; path = TitleText.swift; sourceTree = "<group>"; };
		564F954E29A6893C00C90C4D /* WordCell.swift */ = {isa = PBXFileReference; lastKnownFileType = sourcecode.swift; path = WordCell.swift; sourceTree = "<group>"; };
		5659CAB1299386A300D31ADA /* UserAddingView.swift */ = {isa = PBXFileReference; lastKnownFileType = sourcecode.swift; path = UserAddingView.swift; sourceTree = "<group>"; };
		566780C029AE6E5C0082745F /* VikingsView.swift */ = {isa = PBXFileReference; lastKnownFileType = sourcecode.swift; path = VikingsView.swift; sourceTree = "<group>"; };
		568C4C242991840F002E8925 /* InfoView.swift */ = {isa = PBXFileReference; lastKnownFileType = sourcecode.swift; path = InfoView.swift; sourceTree = "<group>"; };
		568C4C26299185F4002E8925 /* backgroundInfoMenu.jpg */ = {isa = PBXFileReference; lastKnownFileType = image.jpeg; path = backgroundInfoMenu.jpg; sourceTree = "<group>"; };
		568C4C2829918E75002E8925 /* githubIcon.png */ = {isa = PBXFileReference; lastKnownFileType = image.png; path = githubIcon.png; sourceTree = "<group>"; };
		568C4C2A2991904C002E8925 /* gitHub.jpeg */ = {isa = PBXFileReference; lastKnownFileType = image.jpeg; path = gitHub.jpeg; sourceTree = "<group>"; };
		56963DA3299274B200238E54 /* MainView.swift */ = {isa = PBXFileReference; lastKnownFileType = sourcecode.swift; path = MainView.swift; sourceTree = "<group>"; };
		56963DA5299275BA00238E54 /* backgroundMainMenu.jpg */ = {isa = PBXFileReference; lastKnownFileType = image.jpeg; path = backgroundMainMenu.jpg; sourceTree = "<group>"; };
		56963DA929927C5B00238E54 /* vikings.jpg */ = {isa = PBXFileReference; lastKnownFileType = image.jpeg; path = vikings.jpg; sourceTree = "<group>"; };
		56963DAB29927D2700238E54 /* gameofwords.png */ = {isa = PBXFileReference; lastKnownFileType = image.png; path = gameofwords.png; sourceTree = "<group>"; };
		56963DAD29927EFA00238E54 /* memorize.jpg */ = {isa = PBXFileReference; lastKnownFileType = image.jpeg; path = memorize.jpg; sourceTree = "<group>"; };
		56E6C7E62993898B0002874E /* backgroundAdding.jpg */ = {isa = PBXFileReference; lastKnownFileType = image.jpeg; path = backgroundAdding.jpg; sourceTree = "<group>"; };
		56F9A00629917E7600E80BBD /* xzuvyProject1111.app */ = {isa = PBXFileReference; explicitFileType = wrapper.application; includeInIndex = 0; path = xzuvyProject1111.app; sourceTree = BUILT_PRODUCTS_DIR; };
		56F9A00929917E7600E80BBD /* xzuvyProject1111App.swift */ = {isa = PBXFileReference; lastKnownFileType = sourcecode.swift; path = xzuvyProject1111App.swift; sourceTree = "<group>"; };
		56F9A00B29917E7600E80BBD /* StartView.swift */ = {isa = PBXFileReference; lastKnownFileType = sourcecode.swift; path = StartView.swift; sourceTree = "<group>"; };
		56F9A00D29917E7700E80BBD /* Assets.xcassets */ = {isa = PBXFileReference; lastKnownFileType = folder.assetcatalog; path = Assets.xcassets; sourceTree = "<group>"; };
		56F9A01029917E7700E80BBD /* Preview Assets.xcassets */ = {isa = PBXFileReference; lastKnownFileType = folder.assetcatalog; path = "Preview Assets.xcassets"; sourceTree = "<group>"; };
		56F9A01929917F8900E80BBD /* backgroundStartMenu.jpg */ = {isa = PBXFileReference; lastKnownFileType = image.jpeg; path = backgroundStartMenu.jpg; sourceTree = "<group>"; };
/* End PBXFileReference section */

/* Begin PBXFrameworksBuildPhase section */
		56F9A00329917E7600E80BBD /* Frameworks */ = {
			isa = PBXFrameworksBuildPhase;
			buildActionMask = 2147483647;
			files = (
				563580C2299E7D85009B9CDE /* RealmSwift in Frameworks */,
				563580CC299F9966009B9CDE /* FirebaseFirestore in Frameworks */,
				563580CA299F9966009B9CDE /* FirebaseAuth in Frameworks */,
				563580C0299E7D85009B9CDE /* Realm in Frameworks */,
			);
			runOnlyForDeploymentPostprocessing = 0;
		};
/* End PBXFrameworksBuildPhase section */

/* Begin PBXGroup section */
		563580C3299E7D9F009B9CDE /* Model */ = {
			isa = PBXGroup;
			children = (
				563580C4299E7DC2009B9CDE /* Item.swift */,
				563580C6299E7DE3009B9CDE /* Group.swift */,
				564F954729A6889D00C90C4D /* WordsPlayer.swift */,
				563CAB7C29A901D300DA858F /* MemorizeModel.swift */,
				5646385F29AE816700FFD06E /* CharacterModule.swift */,
			);
			path = Model;
			sourceTree = "<group>";
		};
		563580CF29A27FD3009B9CDE /*  Services */ = {
			isa = PBXGroup;
			children = (
				563580D029A27FE7009B9CDE /* AuthService.swift */,
			);
			path = " Services";
			sourceTree = "<group>";
		};
		564F954329A6882B00C90C4D /* ViewModel */ = {
			isa = PBXGroup;
			children = (
				564F954429A6884E00C90C4D /* WordsViewModule.swift */,
			);
			path = ViewModel;
			sourceTree = "<group>";
		};
		564F954929A688D100C90C4D /* Components */ = {
			isa = PBXGroup;
			children = (
				564F954A29A688F500C90C4D /* BigWordTextField.swift */,
				564F954C29A6891B00C90C4D /* TitleText.swift */,
				564F954E29A6893C00C90C4D /* WordCell.swift */,
				564F179629B00A1C003592DD /* ImagePicker.swift */,
			);
			path = Components;
			sourceTree = "<group>";
		};
		568C4C23299181E5002E8925 /* Views */ = {
			isa = PBXGroup;
			children = (
				56F9A00B29917E7600E80BBD /* StartView.swift */,
				568C4C242991840F002E8925 /* InfoView.swift */,
				561B9BF9299BD8A100CCFD7B /* Raleway-Italic-VariableFont_wght.ttf */,
				561B9BF8299BD8A100CCFD7B /* Raleway-VariableFont_wght.ttf */,
				56963DA3299274B200238E54 /* MainView.swift */,
				5659CAB1299386A300D31ADA /* UserAddingView.swift */,
				564F953F29A687B700C90C4D /* MakeAWordsView.swift */,
				564F954129A687FB00C90C4D /* MakeAWordsGameView.swift */,
				563CAB7A29A901B500DA858F /* MemorizeView.swift */,
				563CAB7E29A9063D00DA858F /* MemorizeCardView.swift */,
				566780C029AE6E5C0082745F /* VikingsView.swift */,
				5646386129AE88F600FFD06E /* VikingsDetailView.swift */,
				564F179829B00D19003592DD /* VikingsAdding.swift */,
			);
			path = Views;
			sourceTree = "<group>";
		};
		56F99FFD29917E7600E80BBD = {
			isa = PBXGroup;
			children = (
				568C4C23299181E5002E8925 /* Views */,
				564F954929A688D100C90C4D /* Components */,
				564F954329A6882B00C90C4D /* ViewModel */,
				563580CF29A27FD3009B9CDE /*  Services */,
				563580C3299E7D9F009B9CDE /* Model */,
				56F9A00829917E7600E80BBD /* xzuvyProject1111 */,
				56F9A00729917E7600E80BBD /* Products */,
			);
			sourceTree = "<group>";
		};
		56F9A00729917E7600E80BBD /* Products */ = {
			isa = PBXGroup;
			children = (
				56F9A00629917E7600E80BBD /* xzuvyProject1111.app */,
			);
			name = Products;
			sourceTree = "<group>";
		};
		56F9A00829917E7600E80BBD /* xzuvyProject1111 */ = {
			isa = PBXGroup;
			children = (
				56F9A00929917E7600E80BBD /* xzuvyProject1111App.swift */,
				563580CD299F9B7D009B9CDE /* GoogleService-Info.plist */,
				561B9BFC299BD91400CCFD7B /* Info.plist */,
				56F9A00D29917E7700E80BBD /* Assets.xcassets */,
				56F9A00F29917E7700E80BBD /* Preview Content */,
			);
			path = xzuvyProject1111;
			sourceTree = "<group>";
		};
		56F9A00F29917E7700E80BBD /* Preview Content */ = {
			isa = PBXGroup;
			children = (
				56F9A01029917E7700E80BBD /* Preview Assets.xcassets */,
				56F9A01929917F8900E80BBD /* backgroundStartMenu.jpg */,
				568C4C26299185F4002E8925 /* backgroundInfoMenu.jpg */,
				568C4C2829918E75002E8925 /* githubIcon.png */,
				568C4C2A2991904C002E8925 /* gitHub.jpeg */,
				56963DA5299275BA00238E54 /* backgroundMainMenu.jpg */,
				56963DA929927C5B00238E54 /* vikings.jpg */,
				56963DAB29927D2700238E54 /* gameofwords.png */,
				56963DAD29927EFA00238E54 /* memorize.jpg */,
				56E6C7E62993898B0002874E /* backgroundAdding.jpg */,
				5602C89B2997CDE4009E3966 /* backgroundMainView.jpg */,
			);
			path = "Preview Content";
			sourceTree = "<group>";
		};
/* End PBXGroup section */

/* Begin PBXNativeTarget section */
		56F9A00529917E7600E80BBD /* xzuvyProject1111 */ = {
			isa = PBXNativeTarget;
			buildConfigurationList = 56F9A01429917E7700E80BBD /* Build configuration list for PBXNativeTarget "xzuvyProject1111" */;
			buildPhases = (
				56F9A00229917E7600E80BBD /* Sources */,
				56F9A00329917E7600E80BBD /* Frameworks */,
				56F9A00429917E7600E80BBD /* Resources */,
			);
			buildRules = (
			);
			dependencies = (
			);
			name = xzuvyProject1111;
			packageProductDependencies = (
				563580BF299E7D85009B9CDE /* Realm */,
				563580C1299E7D85009B9CDE /* RealmSwift */,
				563580C9299F9966009B9CDE /* FirebaseAuth */,
				563580CB299F9966009B9CDE /* FirebaseFirestore */,
			);
			productName = xzuvyProject1111;
			productReference = 56F9A00629917E7600E80BBD /* xzuvyProject1111.app */;
			productType = "com.apple.product-type.application";
		};
/* End PBXNativeTarget section */

/* Begin PBXProject section */
		56F99FFE29917E7600E80BBD /* Project object */ = {
			isa = PBXProject;
			attributes = {
				BuildIndependentTargetsInParallel = 1;
				LastSwiftUpdateCheck = 1420;
				LastUpgradeCheck = 1420;
				TargetAttributes = {
					56F9A00529917E7600E80BBD = {
						CreatedOnToolsVersion = 14.2;
					};
				};
			};
			buildConfigurationList = 56F9A00129917E7600E80BBD /* Build configuration list for PBXProject "xzuvyProject1111" */;
			compatibilityVersion = "Xcode 14.0";
			developmentRegion = en;
			hasScannedForEncodings = 0;
			knownRegions = (
				en,
				Base,
			);
			mainGroup = 56F99FFD29917E7600E80BBD;
			packageReferences = (
				563580BE299E7D85009B9CDE /* XCRemoteSwiftPackageReference "realm-swift" */,
				563580C8299F9966009B9CDE /* XCRemoteSwiftPackageReference "firebase-ios-sdk" */,
			);
			productRefGroup = 56F9A00729917E7600E80BBD /* Products */;
			projectDirPath = "";
			projectRoot = "";
			targets = (
				56F9A00529917E7600E80BBD /* xzuvyProject1111 */,
			);
		};
/* End PBXProject section */

/* Begin PBXResourcesBuildPhase section */
		56F9A00429917E7600E80BBD /* Resources */ = {
			isa = PBXResourcesBuildPhase;
			buildActionMask = 2147483647;
			files = (
				56963DAA29927C5B00238E54 /* vikings.jpg in Resources */,
				568C4C27299185F4002E8925 /* backgroundInfoMenu.jpg in Resources */,
				563580CE299F9B7D009B9CDE /* GoogleService-Info.plist in Resources */,
				5602C89C2997CDE4009E3966 /* backgroundMainView.jpg in Resources */,
				56963DAC29927D2700238E54 /* gameofwords.png in Resources */,
				561B9BFA299BD8A100CCFD7B /* Raleway-VariableFont_wght.ttf in Resources */,
				56963DAE29927EFA00238E54 /* memorize.jpg in Resources */,
				56F9A01129917E7700E80BBD /* Preview Assets.xcassets in Resources */,
				561B9BFB299BD8A100CCFD7B /* Raleway-Italic-VariableFont_wght.ttf in Resources */,
				56F9A01A29917F8900E80BBD /* backgroundStartMenu.jpg in Resources */,
				568C4C2929918E75002E8925 /* githubIcon.png in Resources */,
				56F9A00E29917E7700E80BBD /* Assets.xcassets in Resources */,
				568C4C2B2991904C002E8925 /* gitHub.jpeg in Resources */,
				56963DA6299275BA00238E54 /* backgroundMainMenu.jpg in Resources */,
				56E6C7E72993898B0002874E /* backgroundAdding.jpg in Resources */,
			);
			runOnlyForDeploymentPostprocessing = 0;
		};
/* End PBXResourcesBuildPhase section */

/* Begin PBXSourcesBuildPhase section */
		56F9A00229917E7600E80BBD /* Sources */ = {
			isa = PBXSourcesBuildPhase;
			buildActionMask = 2147483647;
			files = (
				564F179929B00D19003592DD /* VikingsAdding.swift in Sources */,
				563CAB7B29A901B500DA858F /* MemorizeView.swift in Sources */,
				564F954529A6884E00C90C4D /* WordsViewModule.swift in Sources */,
				563580C7299E7DE3009B9CDE /* Group.swift in Sources */,
				56F9A00C29917E7600E80BBD /* StartView.swift in Sources */,
				563CAB7F29A9063D00DA858F /* MemorizeCardView.swift in Sources */,
				564F954229A687FB00C90C4D /* MakeAWordsGameView.swift in Sources */,
				564F954829A6889D00C90C4D /* WordsPlayer.swift in Sources */,
				564F179729B00A1C003592DD /* ImagePicker.swift in Sources */,
				56963DA4299274B200238E54 /* MainView.swift in Sources */,
				568C4C252991840F002E8925 /* InfoView.swift in Sources */,
				5646386229AE88F600FFD06E /* VikingsDetailView.swift in Sources */,
				566780C129AE6E5C0082745F /* VikingsView.swift in Sources */,
				56F9A00A29917E7600E80BBD /* xzuvyProject1111App.swift in Sources */,
				563580C5299E7DC2009B9CDE /* Item.swift in Sources */,
				564F954D29A6891B00C90C4D /* TitleText.swift in Sources */,
				5659CAB2299386A300D31ADA /* UserAddingView.swift in Sources */,
				563CAB7D29A901D300DA858F /* MemorizeModel.swift in Sources */,
				5646386029AE816700FFD06E /* CharacterModule.swift in Sources */,
				564F954B29A688F500C90C4D /* BigWordTextField.swift in Sources */,
				564F954F29A6893C00C90C4D /* WordCell.swift in Sources */,
				563580D129A27FE7009B9CDE /* AuthService.swift in Sources */,
				564F954029A687B700C90C4D /* MakeAWordsView.swift in Sources */,
			);
			runOnlyForDeploymentPostprocessing = 0;
		};
/* End PBXSourcesBuildPhase section */

/* Begin XCBuildConfiguration section */
		56F9A01229917E7700E80BBD /* Debug */ = {
			isa = XCBuildConfiguration;
			buildSettings = {
				ALWAYS_SEARCH_USER_PATHS = NO;
				CLANG_ANALYZER_NONNULL = YES;
				CLANG_ANALYZER_NUMBER_OBJECT_CONVERSION = YES_AGGRESSIVE;
				CLANG_CXX_LANGUAGE_STANDARD = "gnu++20";
				CLANG_ENABLE_MODULES = YES;
				CLANG_ENABLE_OBJC_ARC = YES;
				CLANG_ENABLE_OBJC_WEAK = YES;
				CLANG_WARN_BLOCK_CAPTURE_AUTORELEASING = YES;
				CLANG_WARN_BOOL_CONVERSION = YES;
				CLANG_WARN_COMMA = YES;
				CLANG_WARN_CONSTANT_CONVERSION = YES;
				CLANG_WARN_DEPRECATED_OBJC_IMPLEMENTATIONS = YES;
				CLANG_WARN_DIRECT_OBJC_ISA_USAGE = YES_ERROR;
				CLANG_WARN_DOCUMENTATION_COMMENTS = YES;
				CLANG_WARN_EMPTY_BODY = YES;
				CLANG_WARN_ENUM_CONVERSION = YES;
				CLANG_WARN_INFINITE_RECURSION = YES;
				CLANG_WARN_INT_CONVERSION = YES;
				CLANG_WARN_NON_LITERAL_NULL_CONVERSION = YES;
				CLANG_WARN_OBJC_IMPLICIT_RETAIN_SELF = YES;
				CLANG_WARN_OBJC_LITERAL_CONVERSION = YES;
				CLANG_WARN_OBJC_ROOT_CLASS = YES_ERROR;
				CLANG_WARN_QUOTED_INCLUDE_IN_FRAMEWORK_HEADER = YES;
				CLANG_WARN_RANGE_LOOP_ANALYSIS = YES;
				CLANG_WARN_STRICT_PROTOTYPES = YES;
				CLANG_WARN_SUSPICIOUS_MOVE = YES;
				CLANG_WARN_UNGUARDED_AVAILABILITY = YES_AGGRESSIVE;
				CLANG_WARN_UNREACHABLE_CODE = YES;
				CLANG_WARN__DUPLICATE_METHOD_MATCH = YES;
				COPY_PHASE_STRIP = NO;
				DEBUG_INFORMATION_FORMAT = dwarf;
				ENABLE_STRICT_OBJC_MSGSEND = YES;
				ENABLE_TESTABILITY = YES;
				GCC_C_LANGUAGE_STANDARD = gnu11;
				GCC_DYNAMIC_NO_PIC = NO;
				GCC_NO_COMMON_BLOCKS = YES;
				GCC_OPTIMIZATION_LEVEL = 0;
				GCC_PREPROCESSOR_DEFINITIONS = (
					"DEBUG=1",
					"$(inherited)",
				);
				GCC_WARN_64_TO_32_BIT_CONVERSION = YES;
				GCC_WARN_ABOUT_RETURN_TYPE = YES_ERROR;
				GCC_WARN_UNDECLARED_SELECTOR = YES;
				GCC_WARN_UNINITIALIZED_AUTOS = YES_AGGRESSIVE;
				GCC_WARN_UNUSED_FUNCTION = YES;
				GCC_WARN_UNUSED_VARIABLE = YES;
				IPHONEOS_DEPLOYMENT_TARGET = 16.2;
				MTL_ENABLE_DEBUG_INFO = INCLUDE_SOURCE;
				MTL_FAST_MATH = YES;
				ONLY_ACTIVE_ARCH = YES;
				SDKROOT = iphoneos;
				SWIFT_ACTIVE_COMPILATION_CONDITIONS = DEBUG;
				SWIFT_OPTIMIZATION_LEVEL = "-Onone";
			};
			name = Debug;
		};
		56F9A01329917E7700E80BBD /* Release */ = {
			isa = XCBuildConfiguration;
			buildSettings = {
				ALWAYS_SEARCH_USER_PATHS = NO;
				CLANG_ANALYZER_NONNULL = YES;
				CLANG_ANALYZER_NUMBER_OBJECT_CONVERSION = YES_AGGRESSIVE;
				CLANG_CXX_LANGUAGE_STANDARD = "gnu++20";
				CLANG_ENABLE_MODULES = YES;
				CLANG_ENABLE_OBJC_ARC = YES;
				CLANG_ENABLE_OBJC_WEAK = YES;
				CLANG_WARN_BLOCK_CAPTURE_AUTORELEASING = YES;
				CLANG_WARN_BOOL_CONVERSION = YES;
				CLANG_WARN_COMMA = YES;
				CLANG_WARN_CONSTANT_CONVERSION = YES;
				CLANG_WARN_DEPRECATED_OBJC_IMPLEMENTATIONS = YES;
				CLANG_WARN_DIRECT_OBJC_ISA_USAGE = YES_ERROR;
				CLANG_WARN_DOCUMENTATION_COMMENTS = YES;
				CLANG_WARN_EMPTY_BODY = YES;
				CLANG_WARN_ENUM_CONVERSION = YES;
				CLANG_WARN_INFINITE_RECURSION = YES;
				CLANG_WARN_INT_CONVERSION = YES;
				CLANG_WARN_NON_LITERAL_NULL_CONVERSION = YES;
				CLANG_WARN_OBJC_IMPLICIT_RETAIN_SELF = YES;
				CLANG_WARN_OBJC_LITERAL_CONVERSION = YES;
				CLANG_WARN_OBJC_ROOT_CLASS = YES_ERROR;
				CLANG_WARN_QUOTED_INCLUDE_IN_FRAMEWORK_HEADER = YES;
				CLANG_WARN_RANGE_LOOP_ANALYSIS = YES;
				CLANG_WARN_STRICT_PROTOTYPES = YES;
				CLANG_WARN_SUSPICIOUS_MOVE = YES;
				CLANG_WARN_UNGUARDED_AVAILABILITY = YES_AGGRESSIVE;
				CLANG_WARN_UNREACHABLE_CODE = YES;
				CLANG_WARN__DUPLICATE_METHOD_MATCH = YES;
				COPY_PHASE_STRIP = NO;
				DEBUG_INFORMATION_FORMAT = "dwarf-with-dsym";
				ENABLE_NS_ASSERTIONS = NO;
				ENABLE_STRICT_OBJC_MSGSEND = YES;
				GCC_C_LANGUAGE_STANDARD = gnu11;
				GCC_NO_COMMON_BLOCKS = YES;
				GCC_WARN_64_TO_32_BIT_CONVERSION = YES;
				GCC_WARN_ABOUT_RETURN_TYPE = YES_ERROR;
				GCC_WARN_UNDECLARED_SELECTOR = YES;
				GCC_WARN_UNINITIALIZED_AUTOS = YES_AGGRESSIVE;
				GCC_WARN_UNUSED_FUNCTION = YES;
				GCC_WARN_UNUSED_VARIABLE = YES;
				IPHONEOS_DEPLOYMENT_TARGET = 16.2;
				MTL_ENABLE_DEBUG_INFO = NO;
				MTL_FAST_MATH = YES;
				SDKROOT = iphoneos;
				SWIFT_COMPILATION_MODE = wholemodule;
				SWIFT_OPTIMIZATION_LEVEL = "-O";
				VALIDATE_PRODUCT = YES;
			};
			name = Release;
		};
		56F9A01529917E7700E80BBD /* Debug */ = {
			isa = XCBuildConfiguration;
			buildSettings = {
				ASSETCATALOG_COMPILER_APPICON_NAME = AppIcon;
				ASSETCATALOG_COMPILER_GLOBAL_ACCENT_COLOR_NAME = AccentColor;
				CODE_SIGN_STYLE = Automatic;
				CURRENT_PROJECT_VERSION = 1;
				DEVELOPMENT_ASSET_PATHS = "\"xzuvyProject1111/Preview Content\"";
				DEVELOPMENT_TEAM = VV9Y63H9BY;
				ENABLE_PREVIEWS = YES;
				GENERATE_INFOPLIST_FILE = YES;
				INFOPLIST_FILE = xzuvyProject1111/Info.plist;
				INFOPLIST_KEY_UIApplicationSceneManifest_Generation = YES;
				INFOPLIST_KEY_UIApplicationSupportsIndirectInputEvents = YES;
				INFOPLIST_KEY_UILaunchScreen_Generation = YES;
				INFOPLIST_KEY_UISupportedInterfaceOrientations_iPad = "UIInterfaceOrientationPortrait UIInterfaceOrientationPortraitUpsideDown UIInterfaceOrientationLandscapeLeft UIInterfaceOrientationLandscapeRight";
				INFOPLIST_KEY_UISupportedInterfaceOrientations_iPhone = "UIInterfaceOrientationPortrait UIInterfaceOrientationLandscapeLeft UIInterfaceOrientationLandscapeRight";
				LD_RUNPATH_SEARCH_PATHS = (
					"$(inherited)",
					"@executable_path/Frameworks",
				);
				MARKETING_VERSION = 1.0;
				PRODUCT_BUNDLE_IDENTIFIER = t.xzuvyProject1111;
				PRODUCT_NAME = "$(TARGET_NAME)";
				SWIFT_EMIT_LOC_STRINGS = YES;
				SWIFT_VERSION = 5.0;
				TARGETED_DEVICE_FAMILY = "1,2";
			};
			name = Debug;
		};
		56F9A01629917E7700E80BBD /* Release */ = {
			isa = XCBuildConfiguration;
			buildSettings = {
				ASSETCATALOG_COMPILER_APPICON_NAME = AppIcon;
				ASSETCATALOG_COMPILER_GLOBAL_ACCENT_COLOR_NAME = AccentColor;
				CODE_SIGN_STYLE = Automatic;
				CURRENT_PROJECT_VERSION = 1;
				DEVELOPMENT_ASSET_PATHS = "\"xzuvyProject1111/Preview Content\"";
				DEVELOPMENT_TEAM = VV9Y63H9BY;
				ENABLE_PREVIEWS = YES;
				GENERATE_INFOPLIST_FILE = YES;
				INFOPLIST_FILE = xzuvyProject1111/Info.plist;
				INFOPLIST_KEY_UIApplicationSceneManifest_Generation = YES;
				INFOPLIST_KEY_UIApplicationSupportsIndirectInputEvents = YES;
				INFOPLIST_KEY_UILaunchScreen_Generation = YES;
				INFOPLIST_KEY_UISupportedInterfaceOrientations_iPad = "UIInterfaceOrientationPortrait UIInterfaceOrientationPortraitUpsideDown UIInterfaceOrientationLandscapeLeft UIInterfaceOrientationLandscapeRight";
				INFOPLIST_KEY_UISupportedInterfaceOrientations_iPhone = "UIInterfaceOrientationPortrait UIInterfaceOrientationLandscapeLeft UIInterfaceOrientationLandscapeRight";
				LD_RUNPATH_SEARCH_PATHS = (
					"$(inherited)",
					"@executable_path/Frameworks",
				);
				MARKETING_VERSION = 1.0;
				PRODUCT_BUNDLE_IDENTIFIER = t.xzuvyProject1111;
				PRODUCT_NAME = "$(TARGET_NAME)";
				SWIFT_EMIT_LOC_STRINGS = YES;
				SWIFT_VERSION = 5.0;
				TARGETED_DEVICE_FAMILY = "1,2";
			};
			name = Release;
		};
/* End XCBuildConfiguration section */

/* Begin XCConfigurationList section */
		56F9A00129917E7600E80BBD /* Build configuration list for PBXProject "xzuvyProject1111" */ = {
			isa = XCConfigurationList;
			buildConfigurations = (
				56F9A01229917E7700E80BBD /* Debug */,
				56F9A01329917E7700E80BBD /* Release */,
			);
			defaultConfigurationIsVisible = 0;
			defaultConfigurationName = Release;
		};
		56F9A01429917E7700E80BBD /* Build configuration list for PBXNativeTarget "xzuvyProject1111" */ = {
			isa = XCConfigurationList;
			buildConfigurations = (
				56F9A01529917E7700E80BBD /* Debug */,
				56F9A01629917E7700E80BBD /* Release */,
			);
			defaultConfigurationIsVisible = 0;
			defaultConfigurationName = Release;
		};
/* End XCConfigurationList section */

/* Begin XCRemoteSwiftPackageReference section */
		563580BE299E7D85009B9CDE /* XCRemoteSwiftPackageReference "realm-swift" */ = {
			isa = XCRemoteSwiftPackageReference;
			repositoryURL = "https://github.com/realm/realm-swift";
			requirement = {
				branch = master;
				kind = branch;
			};
		};
		563580C8299F9966009B9CDE /* XCRemoteSwiftPackageReference "firebase-ios-sdk" */ = {
			isa = XCRemoteSwiftPackageReference;
			repositoryURL = "https://github.com/firebase/firebase-ios-sdk.git";
			requirement = {
				kind = upToNextMajorVersion;
				minimumVersion = 9.0.0;
			};
		};
/* End XCRemoteSwiftPackageReference section */

/* Begin XCSwiftPackageProductDependency section */
		563580BF299E7D85009B9CDE /* Realm */ = {
			isa = XCSwiftPackageProductDependency;
			package = 563580BE299E7D85009B9CDE /* XCRemoteSwiftPackageReference "realm-swift" */;
			productName = Realm;
		};
		563580C1299E7D85009B9CDE /* RealmSwift */ = {
			isa = XCSwiftPackageProductDependency;
			package = 563580BE299E7D85009B9CDE /* XCRemoteSwiftPackageReference "realm-swift" */;
			productName = RealmSwift;
		};
		563580C9299F9966009B9CDE /* FirebaseAuth */ = {
			isa = XCSwiftPackageProductDependency;
			package = 563580C8299F9966009B9CDE /* XCRemoteSwiftPackageReference "firebase-ios-sdk" */;
			productName = FirebaseAuth;
		};
		563580CB299F9966009B9CDE /* FirebaseFirestore */ = {
			isa = XCSwiftPackageProductDependency;
			package = 563580C8299F9966009B9CDE /* XCRemoteSwiftPackageReference "firebase-ios-sdk" */;
			productName = FirebaseFirestore;
		};
/* End XCSwiftPackageProductDependency section */
	};
	rootObject = 56F99FFE29917E7600E80BBD /* Project object */;
}
